
Microsoft Visual Studio Solution File, Format Version 12.00
# Visual Studio Version 17
VisualStudioVersion = 17.6.33513.286
MinimumVisualStudioVersion = 10.0.40219.1
Project("{FAE04EC0-301F-11D3-BF4B-00C04F79EFBC}") = "Ksnm", "Ksnm\Ksnm.csproj", "{FF2E2005-DE75-400D-A970-A0C6FA226823}"
EndProject
Project("{FAE04EC0-301F-11D3-BF4B-00C04F79EFBC}") = "KsnmTests", "KsnmTests\KsnmTests.csproj", "{A6F0AE99-CDE5-4B7C-BFA4-CAA55F9B0997}"
EndProject
Project("{FAE04EC0-301F-11D3-BF4B-00C04F79EFBC}") = "DemoApp", "DemoApp\DemoApp.csproj", "{7DE3A7CB-68D1-489C-94B2-D8CA0352940A}"
EndProject
Project("{9A19103F-16F7-4668-BE54-9A1E7A4F7556}") = "DemoWpfApp", "DemoWpfApp\DemoWpfApp.csproj", "{81D57EA3-025A-4AA2-A357-211FFEFFE560}"
EndProject
Project("{9A19103F-16F7-4668-BE54-9A1E7A4F7556}") = "Ksnm2", "Ksnm2\Ksnm2.csproj", "{CC0983E2-F4BF-4161-A38C-EDA4D453A4B7}"
EndProject
Project("{FAE04EC0-301F-11D3-BF4B-00C04F79EFBC}") = "Ksnm2Tests", "Ksnm2Tests\Ksnm2Tests.csproj", "{CDF60CBF-5E44-411E-B1EF-0D326DF673E3}"
EndProject
Global
	GlobalSection(SolutionConfigurationPlatforms) = preSolution
		Debug|Any CPU = Debug|Any CPU
		Release|Any CPU = Release|Any CPU
	EndGlobalSection
	GlobalSection(ProjectConfigurationPlatforms) = postSolution
		{FF2E2005-DE75-400D-A970-A0C6FA226823}.Debug|Any CPU.ActiveCfg = Debug|Any CPU
		{FF2E2005-DE75-400D-A970-A0C6FA226823}.Debug|Any CPU.Build.0 = Debug|Any CPU
		{FF2E2005-DE75-400D-A970-A0C6FA226823}.Release|Any CPU.ActiveCfg = Release|Any CPU
		{FF2E2005-DE75-400D-A970-A0C6FA226823}.Release|Any CPU.Build.0 = Release|Any CPU
		{A6F0AE99-CDE5-4B7C-BFA4-CAA55F9B0997}.Debug|Any CPU.ActiveCfg = Debug|Any CPU
		{A6F0AE99-CDE5-4B7C-BFA4-CAA55F9B0997}.Debug|Any CPU.Build.0 = Debug|Any CPU
		{A6F0AE99-CDE5-4B7C-BFA4-CAA55F9B0997}.Release|Any CPU.ActiveCfg = Release|Any CPU
		{A6F0AE99-CDE5-4B7C-BFA4-CAA55F9B0997}.Release|Any CPU.Build.0 = Release|Any CPU
		{7DE3A7CB-68D1-489C-94B2-D8CA0352940A}.Debug|Any CPU.ActiveCfg = Debug|Any CPU
		{7DE3A7CB-68D1-489C-94B2-D8CA0352940A}.Debug|Any CPU.Build.0 = Debug|Any CPU
		{7DE3A7CB-68D1-489C-94B2-D8CA0352940A}.Release|Any CPU.ActiveCfg = Release|Any CPU
		{7DE3A7CB-68D1-489C-94B2-D8CA0352940A}.Release|Any CPU.Build.0 = Release|Any CPU
		{81D57EA3-025A-4AA2-A357-211FFEFFE560}.Debug|Any CPU.ActiveCfg = Debug|Any CPU
		{81D57EA3-025A-4AA2-A357-211FFEFFE560}.Debug|Any CPU.Build.0 = Debug|Any CPU
		{81D57EA3-025A-4AA2-A357-211FFEFFE560}.Release|Any CPU.ActiveCfg = Release|Any CPU
		{81D57EA3-025A-4AA2-A357-211FFEFFE560}.Release|Any CPU.Build.0 = Release|Any CPU
		{CC0983E2-F4BF-4161-A38C-EDA4D453A4B7}.Debug|Any CPU.ActiveCfg = Debug|Any CPU
		{CC0983E2-F4BF-4161-A38C-EDA4D453A4B7}.Debug|Any CPU.Build.0 = Debug|Any CPU
		{CC0983E2-F4BF-4161-A38C-EDA4D453A4B7}.Release|Any CPU.ActiveCfg = Release|Any CPU
		{CC0983E2-F4BF-4161-A38C-EDA4D453A4B7}.Release|Any CPU.Build.0 = Release|Any CPU
		{CDF60CBF-5E44-411E-B1EF-0D326DF673E3}.Debug|Any CPU.ActiveCfg = Debug|Any CPU
		{CDF60CBF-5E44-411E-B1EF-0D326DF673E3}.Debug|Any CPU.Build.0 = Debug|Any CPU
		{CDF60CBF-5E44-411E-B1EF-0D326DF673E3}.Release|Any CPU.ActiveCfg = Release|Any CPU
		{CDF60CBF-5E44-411E-B1EF-0D326DF673E3}.Release|Any CPU.Build.0 = Release|Any CPU
	EndGlobalSection
	GlobalSection(SolutionProperties) = preSolution
		HideSolutionNode = FALSE
	EndGlobalSection
	GlobalSection(ExtensibilityGlobals) = postSolution
		SolutionGuid = {406E4E70-1135-4EEB-9253-DCB8B7E9C59B}
	EndGlobalSection
EndGlobal
