
Microsoft Visual Studio Solution File, Format Version 12.00
# Visual Studio 15
VisualStudioVersion = 15.0.27130.2003
MinimumVisualStudioVersion = 10.0.40219.1
Project("{FAE04EC0-301F-11D3-BF4B-00C04F79EFBC}") = "Ksnm", "Ksnm\Ksnm.csproj", "{FF2E2005-DE75-400D-A970-A0C6FA226823}"
EndProject
Project("{FAE04EC0-301F-11D3-BF4B-00C04F79EFBC}") = "KsnmTests", "KsnmTests\KsnmTests.csproj", "{A6F0AE99-CDE5-4B7C-BFA4-CAA55F9B0997}"
EndProject
Project("{FAE04EC0-301F-11D3-BF4B-00C04F79EFBC}") = "DemoApp", "DemoApp\DemoApp.csproj", "{7DE3A7CB-68D1-489C-94B2-D8CA0352940A}"
EndProject
Global
	GlobalSection(SolutionConfigurationPlatforms) = preSolution
		Debug|Any CPU = Debug|Any CPU
		Release|Any CPU = Release|Any CPU
	EndGlobalSection
	GlobalSection(ProjectConfigurationPlatforms) = postSolution
		{FF2E2005-DE75-400D-A970-A0C6FA226823}.Debug|Any CPU.ActiveCfg = Debug|Any CPU
		{FF2E2005-DE75-400D-A970-A0C6FA226823}.Debug|Any CPU.Build.0 = Debug|Any CPU
		{FF2E2005-DE75-400D-A970-A0C6FA226823}.Release|Any CPU.ActiveCfg = Release|Any CPU
		{FF2E2005-DE75-400D-A970-A0C6FA226823}.Release|Any CPU.Build.0 = Release|Any CPU
		{A6F0AE99-CDE5-4B7C-BFA4-CAA55F9B0997}.Debug|Any CPU.ActiveCfg = Debug|Any CPU
		{A6F0AE99-CDE5-4B7C-BFA4-CAA55F9B0997}.Debug|Any CPU.Build.0 = Debug|Any CPU
		{A6F0AE99-CDE5-4B7C-BFA4-CAA55F9B0997}.Release|Any CPU.ActiveCfg = Release|Any CPU
		{A6F0AE99-CDE5-4B7C-BFA4-CAA55F9B0997}.Release|Any CPU.Build.0 = Release|Any CPU
		{7DE3A7CB-68D1-489C-94B2-D8CA0352940A}.Debug|Any CPU.ActiveCfg = Debug|Any CPU
		{7DE3A7CB-68D1-489C-94B2-D8CA0352940A}.Debug|Any CPU.Build.0 = Debug|Any CPU
		{7DE3A7CB-68D1-489C-94B2-D8CA0352940A}.Release|Any CPU.ActiveCfg = Release|Any CPU
		{7DE3A7CB-68D1-489C-94B2-D8CA0352940A}.Release|Any CPU.Build.0 = Release|Any CPU
	EndGlobalSection
	GlobalSection(SolutionProperties) = preSolution
		HideSolutionNode = FALSE
	EndGlobalSection
	GlobalSection(ExtensibilityGlobals) = postSolution
		SolutionGuid = {406E4E70-1135-4EEB-9253-DCB8B7E9C59B}
	EndGlobalSection
EndGlobal
